
Microsoft Visual Studio Solution File, Format Version 12.00
# Visual Studio Version 17
VisualStudioVersion = 17.9.34701.34
MinimumVisualStudioVersion = 10.0.40219.1
Project("{FAE04EC0-301F-11D3-BF4B-00C04F79EFBC}") = "patterns", "patterns.csproj", "{2AC6153E-BF92-435F-84B0-03556D74C083}"
EndProject
Global
	GlobalSection(SolutionConfigurationPlatforms) = preSolution
		Debug|Any CPU = Debug|Any CPU
		Release|Any CPU = Release|Any CPU
	EndGlobalSection
	GlobalSection(ProjectConfigurationPlatforms) = postSolution
		{2AC6153E-BF92-435F-84B0-03556D74C083}.Debug|Any CPU.ActiveCfg = Debug|Any CPU
		{2AC6153E-BF92-435F-84B0-03556D74C083}.Debug|Any CPU.Build.0 = Debug|Any CPU
		{2AC6153E-BF92-435F-84B0-03556D74C083}.Release|Any CPU.ActiveCfg = Release|Any CPU
		{2AC6153E-BF92-435F-84B0-03556D74C083}.Release|Any CPU.Build.0 = Release|Any CPU
	EndGlobalSection
	GlobalSection(SolutionProperties) = preSolution
		HideSolutionNode = FALSE
	EndGlobalSection
	GlobalSection(ExtensibilityGlobals) = postSolution
		SolutionGuid = {712A522D-4CE3-4AAD-A903-39C24552D076}
	EndGlobalSection
EndGlobal
