
Microsoft Visual Studio Solution File, Format Version 12.00
# Visual Studio Version 17
VisualStudioVersion = 17.9.34701.34
MinimumVisualStudioVersion = 10.0.40219.1
Project("{FAE04EC0-301F-11D3-BF4B-00C04F79EFBC}") = "pattern_Decorator", "pattern_Decorator.csproj", "{707E3C9F-782E-4002-9CB6-555232B19ADA}"
EndProject
Global
	GlobalSection(SolutionConfigurationPlatforms) = preSolution
		Debug|Any CPU = Debug|Any CPU
		Release|Any CPU = Release|Any CPU
	EndGlobalSection
	GlobalSection(ProjectConfigurationPlatforms) = postSolution
		{707E3C9F-782E-4002-9CB6-555232B19ADA}.Debug|Any CPU.ActiveCfg = Debug|Any CPU
		{707E3C9F-782E-4002-9CB6-555232B19ADA}.Debug|Any CPU.Build.0 = Debug|Any CPU
		{707E3C9F-782E-4002-9CB6-555232B19ADA}.Release|Any CPU.ActiveCfg = Release|Any CPU
		{707E3C9F-782E-4002-9CB6-555232B19ADA}.Release|Any CPU.Build.0 = Release|Any CPU
	EndGlobalSection
	GlobalSection(SolutionProperties) = preSolution
		HideSolutionNode = FALSE
	EndGlobalSection
	GlobalSection(ExtensibilityGlobals) = postSolution
		SolutionGuid = {251FDF24-9850-4E59-B7B9-21F4011910B7}
	EndGlobalSection
EndGlobal
