
Microsoft Visual Studio Solution File, Format Version 12.00
# Visual Studio Version 17
VisualStudioVersion = 17.9.34701.34
MinimumVisualStudioVersion = 10.0.40219.1
Project("{FAE04EC0-301F-11D3-BF4B-00C04F79EFBC}") = "pattern_bridge", "pattern_bridge.csproj", "{21039A3A-4303-4E3A-93C8-BF106F5C81FE}"
EndProject
Global
	GlobalSection(SolutionConfigurationPlatforms) = preSolution
		Debug|Any CPU = Debug|Any CPU
		Release|Any CPU = Release|Any CPU
	EndGlobalSection
	GlobalSection(ProjectConfigurationPlatforms) = postSolution
		{21039A3A-4303-4E3A-93C8-BF106F5C81FE}.Debug|Any CPU.ActiveCfg = Debug|Any CPU
		{21039A3A-4303-4E3A-93C8-BF106F5C81FE}.Debug|Any CPU.Build.0 = Debug|Any CPU
		{21039A3A-4303-4E3A-93C8-BF106F5C81FE}.Release|Any CPU.ActiveCfg = Release|Any CPU
		{21039A3A-4303-4E3A-93C8-BF106F5C81FE}.Release|Any CPU.Build.0 = Release|Any CPU
	EndGlobalSection
	GlobalSection(SolutionProperties) = preSolution
		HideSolutionNode = FALSE
	EndGlobalSection
	GlobalSection(ExtensibilityGlobals) = postSolution
		SolutionGuid = {BE2DD5D0-4B14-43D4-8D02-7A74A208CEB3}
	EndGlobalSection
EndGlobal
