
Microsoft Visual Studio Solution File, Format Version 12.00
# Visual Studio Version 17
VisualStudioVersion = 17.9.34701.34
MinimumVisualStudioVersion = 10.0.40219.1
Project("{FAE04EC0-301F-11D3-BF4B-00C04F79EFBC}") = "pattern_command", "pattern_command.csproj", "{56C94150-99AE-409D-85DA-E728FCD599F4}"
EndProject
Global
	GlobalSection(SolutionConfigurationPlatforms) = preSolution
		Debug|Any CPU = Debug|Any CPU
		Release|Any CPU = Release|Any CPU
	EndGlobalSection
	GlobalSection(ProjectConfigurationPlatforms) = postSolution
		{56C94150-99AE-409D-85DA-E728FCD599F4}.Debug|Any CPU.ActiveCfg = Debug|Any CPU
		{56C94150-99AE-409D-85DA-E728FCD599F4}.Debug|Any CPU.Build.0 = Debug|Any CPU
		{56C94150-99AE-409D-85DA-E728FCD599F4}.Release|Any CPU.ActiveCfg = Release|Any CPU
		{56C94150-99AE-409D-85DA-E728FCD599F4}.Release|Any CPU.Build.0 = Release|Any CPU
	EndGlobalSection
	GlobalSection(SolutionProperties) = preSolution
		HideSolutionNode = FALSE
	EndGlobalSection
	GlobalSection(ExtensibilityGlobals) = postSolution
		SolutionGuid = {1CE1248B-5D11-4D45-A82E-D7C3F90B0C2A}
	EndGlobalSection
EndGlobal
