
Microsoft Visual Studio Solution File, Format Version 12.00
# Visual Studio Version 17
VisualStudioVersion = 17.9.34701.34
MinimumVisualStudioVersion = 10.0.40219.1
Project("{FAE04EC0-301F-11D3-BF4B-00C04F79EFBC}") = "pattern_Composite", "pattern_Composite.csproj", "{D459124B-2573-436A-9952-49FD88BC863A}"
EndProject
Global
	GlobalSection(SolutionConfigurationPlatforms) = preSolution
		Debug|Any CPU = Debug|Any CPU
		Release|Any CPU = Release|Any CPU
	EndGlobalSection
	GlobalSection(ProjectConfigurationPlatforms) = postSolution
		{D459124B-2573-436A-9952-49FD88BC863A}.Debug|Any CPU.ActiveCfg = Debug|Any CPU
		{D459124B-2573-436A-9952-49FD88BC863A}.Debug|Any CPU.Build.0 = Debug|Any CPU
		{D459124B-2573-436A-9952-49FD88BC863A}.Release|Any CPU.ActiveCfg = Release|Any CPU
		{D459124B-2573-436A-9952-49FD88BC863A}.Release|Any CPU.Build.0 = Release|Any CPU
	EndGlobalSection
	GlobalSection(SolutionProperties) = preSolution
		HideSolutionNode = FALSE
	EndGlobalSection
	GlobalSection(ExtensibilityGlobals) = postSolution
		SolutionGuid = {2FA028F4-2E09-4EDE-AB1B-E2CA3FB204AA}
	EndGlobalSection
EndGlobal
