
Microsoft Visual Studio Solution File, Format Version 12.00
# Visual Studio Version 17
VisualStudioVersion = 17.9.34701.34
MinimumVisualStudioVersion = 10.0.40219.1
Project("{FAE04EC0-301F-11D3-BF4B-00C04F79EFBC}") = "pattern Prototype", "pattern Prototype.csproj", "{5D2684DB-04AD-44DE-BDAB-4DCACF9BD032}"
EndProject
Project("{FAE04EC0-301F-11D3-BF4B-00C04F79EFBC}") = "pattern_AdapterObjects", "..\pattern_Adapter\pattern_AdapterObjects.csproj", "{97F3144E-F94A-4226-8CF2-590ED111AE2A}"
EndProject
Project("{FAE04EC0-301F-11D3-BF4B-00C04F79EFBC}") = "pattern_AdapterClasses", "..\pattern_Adapter2\pattern_AdapterClasses.csproj", "{CD7714AD-1F36-4904-B126-11440F5AA68E}"
EndProject
Global
	GlobalSection(SolutionConfigurationPlatforms) = preSolution
		Debug|Any CPU = Debug|Any CPU
		Release|Any CPU = Release|Any CPU
	EndGlobalSection
	GlobalSection(ProjectConfigurationPlatforms) = postSolution
		{5D2684DB-04AD-44DE-BDAB-4DCACF9BD032}.Debug|Any CPU.ActiveCfg = Debug|Any CPU
		{5D2684DB-04AD-44DE-BDAB-4DCACF9BD032}.Debug|Any CPU.Build.0 = Debug|Any CPU
		{5D2684DB-04AD-44DE-BDAB-4DCACF9BD032}.Release|Any CPU.ActiveCfg = Release|Any CPU
		{5D2684DB-04AD-44DE-BDAB-4DCACF9BD032}.Release|Any CPU.Build.0 = Release|Any CPU
		{97F3144E-F94A-4226-8CF2-590ED111AE2A}.Debug|Any CPU.ActiveCfg = Debug|Any CPU
		{97F3144E-F94A-4226-8CF2-590ED111AE2A}.Debug|Any CPU.Build.0 = Debug|Any CPU
		{97F3144E-F94A-4226-8CF2-590ED111AE2A}.Release|Any CPU.ActiveCfg = Release|Any CPU
		{97F3144E-F94A-4226-8CF2-590ED111AE2A}.Release|Any CPU.Build.0 = Release|Any CPU
		{CD7714AD-1F36-4904-B126-11440F5AA68E}.Debug|Any CPU.ActiveCfg = Debug|Any CPU
		{CD7714AD-1F36-4904-B126-11440F5AA68E}.Debug|Any CPU.Build.0 = Debug|Any CPU
		{CD7714AD-1F36-4904-B126-11440F5AA68E}.Release|Any CPU.ActiveCfg = Release|Any CPU
		{CD7714AD-1F36-4904-B126-11440F5AA68E}.Release|Any CPU.Build.0 = Release|Any CPU
	EndGlobalSection
	GlobalSection(SolutionProperties) = preSolution
		HideSolutionNode = FALSE
	EndGlobalSection
	GlobalSection(ExtensibilityGlobals) = postSolution
		SolutionGuid = {78738715-D30B-4C4E-A107-4E304726F8E0}
	EndGlobalSection
EndGlobal
